
Microsoft Visual Studio Solution File, Format Version 12.00
# Visual Studio Version 17
VisualStudioVersion = 17.0.32014.148
MinimumVisualStudioVersion = 10.0.40219.1
Project("{FAE04EC0-301F-11D3-BF4B-00C04F79EFBC}") = "MegaDesk 2.0", "WindowsFormsApp1\MegaDesk 2.0.csproj", "{777EB325-8078-435F-9558-B63FE292EAB4}"
EndProject
Global
	GlobalSection(SolutionConfigurationPlatforms) = preSolution
		Debug|Any CPU = Debug|Any CPU
		Release|Any CPU = Release|Any CPU
	EndGlobalSection
	GlobalSection(ProjectConfigurationPlatforms) = postSolution
		{777EB325-8078-435F-9558-B63FE292EAB4}.Debug|Any CPU.ActiveCfg = Debug|Any CPU
		{777EB325-8078-435F-9558-B63FE292EAB4}.Debug|Any CPU.Build.0 = Debug|Any CPU
		{777EB325-8078-435F-9558-B63FE292EAB4}.Release|Any CPU.ActiveCfg = Release|Any CPU
		{777EB325-8078-435F-9558-B63FE292EAB4}.Release|Any CPU.Build.0 = Release|Any CPU
	EndGlobalSection
	GlobalSection(SolutionProperties) = preSolution
		HideSolutionNode = FALSE
	EndGlobalSection
	GlobalSection(ExtensibilityGlobals) = postSolution
		SolutionGuid = {1FF8D1B8-1CF2-40C0-B12A-46327185862E}
	EndGlobalSection
EndGlobal
